<Solution>
  <Folder Name="/Solution Items/">
    <File Path="../.gitattributes" />
    <File Path="../.gitignore" />
    <File Path="../docs/intro.include.md" />
    <File Path="../docs/zzz.include.md" />
    <File Path="../readme.md" />
    <File Path="global.json" />
  </Folder>
  <Project Path="ClassLibrary1\ClassLibrary1.csproj" Type="Classic C#" />
</Solution>